// !$*UTF8*$!
{
	archiveVersion = 1;
	classes = {
	};
	objectVersion = 46;
	objects = {

/* Begin PBXBuildFile section */
		630D8B601A2F9DA3006D7E88 /* IndicationViewController.m in Sources */ = {isa = PBXBuildFile; fileRef = 630D8B5F1A2F9DA3006D7E88 /* IndicationViewController.m */; };
		632A8A431A504E8D00868287 /* GuideLinePDFGenerator.m in Sources */ = {isa = PBXBuildFile; fileRef = 632A8A421A504E8D00868287 /* GuideLinePDFGenerator.m */; };
		634A0E961A49CC40001DFE2B /* Quartz.framework in Frameworks */ = {isa = PBXBuildFile; fileRef = 634A0E951A49CC40001DFE2B /* Quartz.framework */; };
		634A0E991A49CCD5001DFE2B /* PDFguidelineViewController.m in Sources */ = {isa = PBXBuildFile; fileRef = 634A0E981A49CCD5001DFE2B /* PDFguidelineViewController.m */; };
		634A0E9C1A4A0AA7001DFE2B /* PDFGuidelineWindowController.m in Sources */ = {isa = PBXBuildFile; fileRef = 634A0E9B1A4A0AA7001DFE2B /* PDFGuidelineWindowController.m */; };
		636011BB1A2E3222004B4BA2 /* AppDelegate.m in Sources */ = {isa = PBXBuildFile; fileRef = 636011BA1A2E3222004B4BA2 /* AppDelegate.m */; };
		636011BD1A2E3222004B4BA2 /* main.m in Sources */ = {isa = PBXBuildFile; fileRef = 636011BC1A2E3222004B4BA2 /* main.m */; };
		636011C01A2E3222004B4BA2 /* GuidelineViewController.m in Sources */ = {isa = PBXBuildFile; fileRef = 636011BF1A2E3222004B4BA2 /* GuidelineViewController.m */; };
		636011C31A2E3222004B4BA2 /* GuidelineDocument.m in Sources */ = {isa = PBXBuildFile; fileRef = 636011C21A2E3222004B4BA2 /* GuidelineDocument.m */; };
		636011C51A2E3222004B4BA2 /* Images.xcassets in Resources */ = {isa = PBXBuildFile; fileRef = 636011C41A2E3222004B4BA2 /* Images.xcassets */; };
		636011C81A2E3222004B4BA2 /* Main.storyboard in Resources */ = {isa = PBXBuildFile; fileRef = 636011C61A2E3222004B4BA2 /* Main.storyboard */; };
		636011D41A2E3222004B4BA2 /* HRZEGuidelineEditorTests.m in Sources */ = {isa = PBXBuildFile; fileRef = 636011D31A2E3222004B4BA2 /* HRZEGuidelineEditorTests.m */; };
		636011E01A2E3253004B4BA2 /* HandyRoutines.m in Sources */ = {isa = PBXBuildFile; fileRef = 636011DD1A2E3253004B4BA2 /* HandyRoutines.m */; };
		6378178B1A33A31800C82FBE /* ThresholdTableCellView.m in Sources */ = {isa = PBXBuildFile; fileRef = 6378178A1A33A31800C82FBE /* ThresholdTableCellView.m */; };
		63C347381A30FE8B0083E850 /* Calculation.xib in Resources */ = {isa = PBXBuildFile; fileRef = 63C347371A30FE8B0083E850 /* Calculation.xib */; };
		63E40C3B1A30EF58009FB233 /* DrugViewController.m in Sources */ = {isa = PBXBuildFile; fileRef = 63E40C3A1A30EF58009FB233 /* DrugViewController.m */; };
/* End PBXBuildFile section */

/* Begin PBXContainerItemProxy section */
		636011CE1A2E3222004B4BA2 /* PBXContainerItemProxy */ = {
			isa = PBXContainerItemProxy;
			containerPortal = 636011AC1A2E3222004B4BA2 /* Project object */;
			proxyType = 1;
			remoteGlobalIDString = 636011B31A2E3222004B4BA2;
			remoteInfo = HRZEGuidelineEditor;
		};
/* End PBXContainerItemProxy section */

/* Begin PBXFileReference section */
		630D8B5E1A2F9DA3006D7E88 /* IndicationViewController.h */ = {isa = PBXFileReference; fileEncoding = 4; lastKnownFileType = sourcecode.c.h; path = IndicationViewController.h; sourceTree = "<group>"; };
		630D8B5F1A2F9DA3006D7E88 /* IndicationViewController.m */ = {isa = PBXFileReference; fileEncoding = 4; lastKnownFileType = sourcecode.c.objc; path = IndicationViewController.m; sourceTree = "<group>"; };
		632A8A411A504E8D00868287 /* GuideLinePDFGenerator.h */ = {isa = PBXFileReference; fileEncoding = 4; lastKnownFileType = sourcecode.c.h; path = GuideLinePDFGenerator.h; sourceTree = "<group>"; };
		632A8A421A504E8D00868287 /* GuideLinePDFGenerator.m */ = {isa = PBXFileReference; fileEncoding = 4; lastKnownFileType = sourcecode.c.objc; path = GuideLinePDFGenerator.m; sourceTree = "<group>"; };
		634A0E951A49CC40001DFE2B /* Quartz.framework */ = {isa = PBXFileReference; lastKnownFileType = wrapper.framework; name = Quartz.framework; path = System/Library/Frameworks/Quartz.framework; sourceTree = SDKROOT; };
		634A0E971A49CCD5001DFE2B /* PDFguidelineViewController.h */ = {isa = PBXFileReference; fileEncoding = 4; lastKnownFileType = sourcecode.c.h; path = PDFguidelineViewController.h; sourceTree = "<group>"; };
		634A0E981A49CCD5001DFE2B /* PDFguidelineViewController.m */ = {isa = PBXFileReference; fileEncoding = 4; lastKnownFileType = sourcecode.c.objc; path = PDFguidelineViewController.m; sourceTree = "<group>"; };
		634A0E9A1A4A0AA7001DFE2B /* PDFGuidelineWindowController.h */ = {isa = PBXFileReference; fileEncoding = 4; lastKnownFileType = sourcecode.c.h; path = PDFGuidelineWindowController.h; sourceTree = "<group>"; };
		634A0E9B1A4A0AA7001DFE2B /* PDFGuidelineWindowController.m */ = {isa = PBXFileReference; fileEncoding = 4; lastKnownFileType = sourcecode.c.objc; path = PDFGuidelineWindowController.m; sourceTree = "<group>"; };
		636011B41A2E3222004B4BA2 /* HRZEGuidelineEditor.app */ = {isa = PBXFileReference; explicitFileType = wrapper.application; includeInIndex = 0; path = HRZEGuidelineEditor.app; sourceTree = BUILT_PRODUCTS_DIR; };
		636011B81A2E3222004B4BA2 /* Info.plist */ = {isa = PBXFileReference; lastKnownFileType = text.plist.xml; path = Info.plist; sourceTree = "<group>"; };
		636011B91A2E3222004B4BA2 /* AppDelegate.h */ = {isa = PBXFileReference; lastKnownFileType = sourcecode.c.h; path = AppDelegate.h; sourceTree = "<group>"; };
		636011BA1A2E3222004B4BA2 /* AppDelegate.m */ = {isa = PBXFileReference; lastKnownFileType = sourcecode.c.objc; path = AppDelegate.m; sourceTree = "<group>"; };
		636011BC1A2E3222004B4BA2 /* main.m */ = {isa = PBXFileReference; lastKnownFileType = sourcecode.c.objc; path = main.m; sourceTree = "<group>"; };
		636011BE1A2E3222004B4BA2 /* GuidelineViewController.h */ = {isa = PBXFileReference; lastKnownFileType = sourcecode.c.h; path = GuidelineViewController.h; sourceTree = "<group>"; };
		636011BF1A2E3222004B4BA2 /* GuidelineViewController.m */ = {isa = PBXFileReference; lastKnownFileType = sourcecode.c.objc; path = GuidelineViewController.m; sourceTree = "<group>"; };
		636011C11A2E3222004B4BA2 /* GuidelineDocument.h */ = {isa = PBXFileReference; lastKnownFileType = sourcecode.c.h; path = GuidelineDocument.h; sourceTree = "<group>"; };
		636011C21A2E3222004B4BA2 /* GuidelineDocument.m */ = {isa = PBXFileReference; lastKnownFileType = sourcecode.c.objc; path = GuidelineDocument.m; sourceTree = "<group>"; };
		636011C41A2E3222004B4BA2 /* Images.xcassets */ = {isa = PBXFileReference; lastKnownFileType = folder.assetcatalog; path = Images.xcassets; sourceTree = "<group>"; };
		636011C71A2E3222004B4BA2 /* Base */ = {isa = PBXFileReference; lastKnownFileType = file.storyboard; name = Base; path = Base.lproj/Main.storyboard; sourceTree = "<group>"; };
		636011CD1A2E3222004B4BA2 /* HRZEGuidelineEditorTests.xctest */ = {isa = PBXFileReference; explicitFileType = wrapper.cfbundle; includeInIndex = 0; path = HRZEGuidelineEditorTests.xctest; sourceTree = BUILT_PRODUCTS_DIR; };
		636011D21A2E3222004B4BA2 /* Info.plist */ = {isa = PBXFileReference; lastKnownFileType = text.plist.xml; path = Info.plist; sourceTree = "<group>"; };
		636011D31A2E3222004B4BA2 /* HRZEGuidelineEditorTests.m */ = {isa = PBXFileReference; lastKnownFileType = sourcecode.c.objc; path = HRZEGuidelineEditorTests.m; sourceTree = "<group>"; };
		636011DD1A2E3253004B4BA2 /* HandyRoutines.m */ = {isa = PBXFileReference; fileEncoding = 4; lastKnownFileType = sourcecode.c.objc; path = HandyRoutines.m; sourceTree = "<group>"; };
		636011DE1A2E3253004B4BA2 /* HandyRoutines.h */ = {isa = PBXFileReference; fileEncoding = 4; lastKnownFileType = sourcecode.c.h; path = HandyRoutines.h; sourceTree = "<group>"; };
		636011DF1A2E3253004B4BA2 /* PrefixHeader.pch */ = {isa = PBXFileReference; fileEncoding = 4; lastKnownFileType = sourcecode.c.h; path = PrefixHeader.pch; sourceTree = "<group>"; };
		637817891A33A31800C82FBE /* ThresholdTableCellView.h */ = {isa = PBXFileReference; fileEncoding = 4; lastKnownFileType = sourcecode.c.h; path = ThresholdTableCellView.h; sourceTree = "<group>"; };
		6378178A1A33A31800C82FBE /* ThresholdTableCellView.m */ = {isa = PBXFileReference; fileEncoding = 4; lastKnownFileType = sourcecode.c.objc; path = ThresholdTableCellView.m; sourceTree = "<group>"; };
		63C347371A30FE8B0083E850 /* Calculation.xib */ = {isa = PBXFileReference; fileEncoding = 4; lastKnownFileType = file.xib; path = Calculation.xib; sourceTree = "<group>"; };
		63E40C391A30EF58009FB233 /* DrugViewController.h */ = {isa = PBXFileReference; fileEncoding = 4; lastKnownFileType = sourcecode.c.h; name = DrugViewController.h; path = ../DrugViewController.h; sourceTree = "<group>"; };
		63E40C3A1A30EF58009FB233 /* DrugViewController.m */ = {isa = PBXFileReference; fileEncoding = 4; lastKnownFileType = sourcecode.c.objc; name = DrugViewController.m; path = ../DrugViewController.m; sourceTree = "<group>"; };
/* End PBXFileReference section */

/* Begin PBXFrameworksBuildPhase section */
		636011B11A2E3222004B4BA2 /* Frameworks */ = {
			isa = PBXFrameworksBuildPhase;
			buildActionMask = 2147483647;
			files = (
				634A0E961A49CC40001DFE2B /* Quartz.framework in Frameworks */,
			);
			runOnlyForDeploymentPostprocessing = 0;
		};
		636011CA1A2E3222004B4BA2 /* Frameworks */ = {
			isa = PBXFrameworksBuildPhase;
			buildActionMask = 2147483647;
			files = (
			);
			runOnlyForDeploymentPostprocessing = 0;
		};
/* End PBXFrameworksBuildPhase section */

/* Begin PBXGroup section */
		636011AB1A2E3222004B4BA2 = {
			isa = PBXGroup;
			children = (
				634A0E951A49CC40001DFE2B /* Quartz.framework */,
				636011B61A2E3222004B4BA2 /* HRZEGuidelineEditor */,
				636011D01A2E3222004B4BA2 /* HRZEGuidelineEditorTests */,
				636011B51A2E3222004B4BA2 /* Products */,
			);
			sourceTree = "<group>";
		};
		636011B51A2E3222004B4BA2 /* Products */ = {
			isa = PBXGroup;
			children = (
				636011B41A2E3222004B4BA2 /* HRZEGuidelineEditor.app */,
				636011CD1A2E3222004B4BA2 /* HRZEGuidelineEditorTests.xctest */,
			);
			name = Products;
			sourceTree = "<group>";
		};
		636011B61A2E3222004B4BA2 /* HRZEGuidelineEditor */ = {
			isa = PBXGroup;
			children = (
				636011B91A2E3222004B4BA2 /* AppDelegate.h */,
				636011BA1A2E3222004B4BA2 /* AppDelegate.m */,
				63E40C391A30EF58009FB233 /* DrugViewController.h */,
				63E40C3A1A30EF58009FB233 /* DrugViewController.m */,
				636011C11A2E3222004B4BA2 /* GuidelineDocument.h */,
				636011C21A2E3222004B4BA2 /* GuidelineDocument.m */,
				632A8A411A504E8D00868287 /* GuideLinePDFGenerator.h */,
				632A8A421A504E8D00868287 /* GuideLinePDFGenerator.m */,
				636011BE1A2E3222004B4BA2 /* GuidelineViewController.h */,
				636011BF1A2E3222004B4BA2 /* GuidelineViewController.m */,
				636011DE1A2E3253004B4BA2 /* HandyRoutines.h */,
				636011DD1A2E3253004B4BA2 /* HandyRoutines.m */,
				636011C41A2E3222004B4BA2 /* Images.xcassets */,
				630D8B5E1A2F9DA3006D7E88 /* IndicationViewController.h */,
				630D8B5F1A2F9DA3006D7E88 /* IndicationViewController.m */,
				636011C61A2E3222004B4BA2 /* Main.storyboard */,
				634A0E971A49CCD5001DFE2B /* PDFguidelineViewController.h */,
				634A0E981A49CCD5001DFE2B /* PDFguidelineViewController.m */,
				634A0E9A1A4A0AA7001DFE2B /* PDFGuidelineWindowController.h */,
				634A0E9B1A4A0AA7001DFE2B /* PDFGuidelineWindowController.m */,
				636011B71A2E3222004B4BA2 /* Supporting Files */,
				637817891A33A31800C82FBE /* ThresholdTableCellView.h */,
				6378178A1A33A31800C82FBE /* ThresholdTableCellView.m */,
				63C347391A3101C40083E850 /* Xibs */,
			);
			path = HRZEGuidelineEditor;
			sourceTree = "<group>";
		};
		636011B71A2E3222004B4BA2 /* Supporting Files */ = {
			isa = PBXGroup;
			children = (
				636011DF1A2E3253004B4BA2 /* PrefixHeader.pch */,
				636011B81A2E3222004B4BA2 /* Info.plist */,
				636011BC1A2E3222004B4BA2 /* main.m */,
			);
			name = "Supporting Files";
			sourceTree = "<group>";
		};
		636011D01A2E3222004B4BA2 /* HRZEGuidelineEditorTests */ = {
			isa = PBXGroup;
			children = (
				636011D31A2E3222004B4BA2 /* HRZEGuidelineEditorTests.m */,
				636011D11A2E3222004B4BA2 /* Supporting Files */,
			);
			path = HRZEGuidelineEditorTests;
			sourceTree = "<group>";
		};
		636011D11A2E3222004B4BA2 /* Supporting Files */ = {
			isa = PBXGroup;
			children = (
				636011D21A2E3222004B4BA2 /* Info.plist */,
			);
			name = "Supporting Files";
			sourceTree = "<group>";
		};
		63C347391A3101C40083E850 /* Xibs */ = {
			isa = PBXGroup;
			children = (
				63C347371A30FE8B0083E850 /* Calculation.xib */,
			);
			name = Xibs;
			sourceTree = "<group>";
		};
/* End PBXGroup section */

/* Begin PBXNativeTarget section */
		636011B31A2E3222004B4BA2 /* HRZEGuidelineEditor */ = {
			isa = PBXNativeTarget;
			buildConfigurationList = 636011D71A2E3222004B4BA2 /* Build configuration list for PBXNativeTarget "HRZEGuidelineEditor" */;
			buildPhases = (
				636011B01A2E3222004B4BA2 /* Sources */,
				636011B11A2E3222004B4BA2 /* Frameworks */,
				636011B21A2E3222004B4BA2 /* Resources */,
			);
			buildRules = (
			);
			dependencies = (
			);
			name = HRZEGuidelineEditor;
			productName = HRZEGuidelineEditor;
			productReference = 636011B41A2E3222004B4BA2 /* HRZEGuidelineEditor.app */;
			productType = "com.apple.product-type.application";
		};
		636011CC1A2E3222004B4BA2 /* HRZEGuidelineEditorTests */ = {
			isa = PBXNativeTarget;
			buildConfigurationList = 636011DA1A2E3222004B4BA2 /* Build configuration list for PBXNativeTarget "HRZEGuidelineEditorTests" */;
			buildPhases = (
				636011C91A2E3222004B4BA2 /* Sources */,
				636011CA1A2E3222004B4BA2 /* Frameworks */,
				636011CB1A2E3222004B4BA2 /* Resources */,
			);
			buildRules = (
			);
			dependencies = (
				636011CF1A2E3222004B4BA2 /* PBXTargetDependency */,
			);
			name = HRZEGuidelineEditorTests;
			productName = HRZEGuidelineEditorTests;
			productReference = 636011CD1A2E3222004B4BA2 /* HRZEGuidelineEditorTests.xctest */;
			productType = "com.apple.product-type.bundle.unit-test";
		};
/* End PBXNativeTarget section */

/* Begin PBXProject section */
		636011AC1A2E3222004B4BA2 /* Project object */ = {
			isa = PBXProject;
			attributes = {
				LastUpgradeCheck = 0610;
				ORGANIZATIONNAME = eu.djml;
				TargetAttributes = {
					636011B31A2E3222004B4BA2 = {
						CreatedOnToolsVersion = 6.1.1;
					};
					636011CC1A2E3222004B4BA2 = {
						CreatedOnToolsVersion = 6.1.1;
						TestTargetID = 636011B31A2E3222004B4BA2;
					};
				};
			};
			buildConfigurationList = 636011AF1A2E3222004B4BA2 /* Build configuration list for PBXProject "HRZEGuidelineEditor" */;
			compatibilityVersion = "Xcode 3.2";
			developmentRegion = English;
			hasScannedForEncodings = 0;
			knownRegions = (
				en,
				Base,
			);
			mainGroup = 636011AB1A2E3222004B4BA2;
			productRefGroup = 636011B51A2E3222004B4BA2 /* Products */;
			projectDirPath = "";
			projectRoot = "";
			targets = (
				636011B31A2E3222004B4BA2 /* HRZEGuidelineEditor */,
				636011CC1A2E3222004B4BA2 /* HRZEGuidelineEditorTests */,
			);
		};
/* End PBXProject section */

/* Begin PBXResourcesBuildPhase section */
		636011B21A2E3222004B4BA2 /* Resources */ = {
			isa = PBXResourcesBuildPhase;
			buildActionMask = 2147483647;
			files = (
				636011C51A2E3222004B4BA2 /* Images.xcassets in Resources */,
				63C347381A30FE8B0083E850 /* Calculation.xib in Resources */,
				636011C81A2E3222004B4BA2 /* Main.storyboard in Resources */,
			);
			runOnlyForDeploymentPostprocessing = 0;
		};
		636011CB1A2E3222004B4BA2 /* Resources */ = {
			isa = PBXResourcesBuildPhase;
			buildActionMask = 2147483647;
			files = (
			);
			runOnlyForDeploymentPostprocessing = 0;
		};
/* End PBXResourcesBuildPhase section */

/* Begin PBXSourcesBuildPhase section */
		636011B01A2E3222004B4BA2 /* Sources */ = {
			isa = PBXSourcesBuildPhase;
			buildActionMask = 2147483647;
			files = (
				636011C31A2E3222004B4BA2 /* GuidelineDocument.m in Sources */,
				636011C01A2E3222004B4BA2 /* GuidelineViewController.m in Sources */,
				634A0E991A49CCD5001DFE2B /* PDFguidelineViewController.m in Sources */,
				63E40C3B1A30EF58009FB233 /* DrugViewController.m in Sources */,
				636011BD1A2E3222004B4BA2 /* main.m in Sources */,
				636011BB1A2E3222004B4BA2 /* AppDelegate.m in Sources */,
				630D8B601A2F9DA3006D7E88 /* IndicationViewController.m in Sources */,
				632A8A431A504E8D00868287 /* GuideLinePDFGenerator.m in Sources */,
				6378178B1A33A31800C82FBE /* ThresholdTableCellView.m in Sources */,
				636011E01A2E3253004B4BA2 /* HandyRoutines.m in Sources */,
				634A0E9C1A4A0AA7001DFE2B /* PDFGuidelineWindowController.m in Sources */,
			);
			runOnlyForDeploymentPostprocessing = 0;
		};
		636011C91A2E3222004B4BA2 /* Sources */ = {
			isa = PBXSourcesBuildPhase;
			buildActionMask = 2147483647;
			files = (
				636011D41A2E3222004B4BA2 /* HRZEGuidelineEditorTests.m in Sources */,
			);
			runOnlyForDeploymentPostprocessing = 0;
		};
/* End PBXSourcesBuildPhase section */

/* Begin PBXTargetDependency section */
		636011CF1A2E3222004B4BA2 /* PBXTargetDependency */ = {
			isa = PBXTargetDependency;
			target = 636011B31A2E3222004B4BA2 /* HRZEGuidelineEditor */;
			targetProxy = 636011CE1A2E3222004B4BA2 /* PBXContainerItemProxy */;
		};
/* End PBXTargetDependency section */

/* Begin PBXVariantGroup section */
		636011C61A2E3222004B4BA2 /* Main.storyboard */ = {
			isa = PBXVariantGroup;
			children = (
				636011C71A2E3222004B4BA2 /* Base */,
			);
			name = Main.storyboard;
			sourceTree = "<group>";
		};
/* End PBXVariantGroup section */

/* Begin XCBuildConfiguration section */
		636011D51A2E3222004B4BA2 /* Debug */ = {
			isa = XCBuildConfiguration;
			buildSettings = {
				ALWAYS_SEARCH_USER_PATHS = NO;
				CLANG_CXX_LANGUAGE_STANDARD = "gnu++0x";
				CLANG_CXX_LIBRARY = "libc++";
				CLANG_ENABLE_MODULES = YES;
				CLANG_ENABLE_OBJC_ARC = YES;
				CLANG_WARN_BOOL_CONVERSION = YES;
				CLANG_WARN_CONSTANT_CONVERSION = YES;
				CLANG_WARN_DIRECT_OBJC_ISA_USAGE = YES_ERROR;
				CLANG_WARN_EMPTY_BODY = YES;
				CLANG_WARN_ENUM_CONVERSION = YES;
				CLANG_WARN_INT_CONVERSION = YES;
				CLANG_WARN_OBJC_ROOT_CLASS = YES_ERROR;
				CLANG_WARN_UNREACHABLE_CODE = YES;
				CLANG_WARN__DUPLICATE_METHOD_MATCH = YES;
				CODE_SIGN_IDENTITY = "-";
				COPY_PHASE_STRIP = NO;
				ENABLE_STRICT_OBJC_MSGSEND = YES;
				GCC_C_LANGUAGE_STANDARD = gnu99;
				GCC_DYNAMIC_NO_PIC = NO;
				GCC_OPTIMIZATION_LEVEL = 0;
				GCC_PREPROCESSOR_DEFINITIONS = (
					"DEBUG=1",
					"$(inherited)",
				);
				GCC_SYMBOLS_PRIVATE_EXTERN = NO;
				GCC_WARN_64_TO_32_BIT_CONVERSION = YES;
				GCC_WARN_ABOUT_RETURN_TYPE = YES_ERROR;
				GCC_WARN_UNDECLARED_SELECTOR = YES;
				GCC_WARN_UNINITIALIZED_AUTOS = YES_AGGRESSIVE;
				GCC_WARN_UNUSED_FUNCTION = YES;
				GCC_WARN_UNUSED_VARIABLE = YES;
				MACOSX_DEPLOYMENT_TARGET = 10.10;
				MTL_ENABLE_DEBUG_INFO = YES;
				ONLY_ACTIVE_ARCH = YES;
				SDKROOT = macosx;
			};
			name = Debug;
		};
		636011D61A2E3222004B4BA2 /* Release */ = {
			isa = XCBuildConfiguration;
			buildSettings = {
				ALWAYS_SEARCH_USER_PATHS = NO;
				CLANG_CXX_LANGUAGE_STANDARD = "gnu++0x";
				CLANG_CXX_LIBRARY = "libc++";
				CLANG_ENABLE_MODULES = YES;
				CLANG_ENABLE_OBJC_ARC = YES;
				CLANG_WARN_BOOL_CONVERSION = YES;
				CLANG_WARN_CONSTANT_CONVERSION = YES;
				CLANG_WARN_DIRECT_OBJC_ISA_USAGE = YES_ERROR;
				CLANG_WARN_EMPTY_BODY = YES;
				CLANG_WARN_ENUM_CONVERSION = YES;
				CLANG_WARN_INT_CONVERSION = YES;
				CLANG_WARN_OBJC_ROOT_CLASS = YES_ERROR;
				CLANG_WARN_UNREACHABLE_CODE = YES;
				CLANG_WARN__DUPLICATE_METHOD_MATCH = YES;
				CODE_SIGN_IDENTITY = "-";
				COPY_PHASE_STRIP = YES;
				DEBUG_INFORMATION_FORMAT = "dwarf-with-dsym";
				ENABLE_NS_ASSERTIONS = NO;
				ENABLE_STRICT_OBJC_MSGSEND = YES;
				GCC_C_LANGUAGE_STANDARD = gnu99;
				GCC_WARN_64_TO_32_BIT_CONVERSION = YES;
				GCC_WARN_ABOUT_RETURN_TYPE = YES_ERROR;
				GCC_WARN_UNDECLARED_SELECTOR = YES;
				GCC_WARN_UNINITIALIZED_AUTOS = YES_AGGRESSIVE;
				GCC_WARN_UNUSED_FUNCTION = YES;
				GCC_WARN_UNUSED_VARIABLE = YES;
				MACOSX_DEPLOYMENT_TARGET = 10.10;
				MTL_ENABLE_DEBUG_INFO = NO;
				SDKROOT = macosx;
			};
			name = Release;
		};
		636011D81A2E3222004B4BA2 /* Debug */ = {
			isa = XCBuildConfiguration;
			buildSettings = {
				ASSETCATALOG_COMPILER_APPICON_NAME = AppIcon;
				COMBINE_HIDPI_IMAGES = YES;
				INFOPLIST_FILE = HRZEGuidelineEditor/Info.plist;
				LD_RUNPATH_SEARCH_PATHS = "$(inherited) @executable_path/../Frameworks";
				PRODUCT_NAME = "$(TARGET_NAME)";
			};
			name = Debug;
		};
		636011D91A2E3222004B4BA2 /* Release */ = {
			isa = XCBuildConfiguration;
			buildSettings = {
				ASSETCATALOG_COMPILER_APPICON_NAME = AppIcon;
				COMBINE_HIDPI_IMAGES = YES;
				INFOPLIST_FILE = HRZEGuidelineEditor/Info.plist;
				LD_RUNPATH_SEARCH_PATHS = "$(inherited) @executable_path/../Frameworks";
				PRODUCT_NAME = "$(TARGET_NAME)";
			};
			name = Release;
		};
		636011DB1A2E3222004B4BA2 /* Debug */ = {
			isa = XCBuildConfiguration;
			buildSettings = {
				BUNDLE_LOADER = "$(TEST_HOST)";
				COMBINE_HIDPI_IMAGES = YES;
				FRAMEWORK_SEARCH_PATHS = (
					"$(DEVELOPER_FRAMEWORKS_DIR)",
					"$(inherited)",
				);
				GCC_PREPROCESSOR_DEFINITIONS = (
					"DEBUG=1",
					"$(inherited)",
				);
				INFOPLIST_FILE = HRZEGuidelineEditorTests/Info.plist;
				LD_RUNPATH_SEARCH_PATHS = "$(inherited) @executable_path/../Frameworks @loader_path/../Frameworks";
				PRODUCT_NAME = "$(TARGET_NAME)";
				TEST_HOST = "$(BUILT_PRODUCTS_DIR)/HRZEGuidelineEditor.app/Contents/MacOS/HRZEGuidelineEditor";
			};
			name = Debug;
		};
		636011DC1A2E3222004B4BA2 /* Release */ = {
			isa = XCBuildConfiguration;
			buildSettings = {
				BUNDLE_LOADER = "$(TEST_HOST)";
				COMBINE_HIDPI_IMAGES = YES;
				FRAMEWORK_SEARCH_PATHS = (
					"$(DEVELOPER_FRAMEWORKS_DIR)",
					"$(inherited)",
				);
				INFOPLIST_FILE = HRZEGuidelineEditorTests/Info.plist;
				LD_RUNPATH_SEARCH_PATHS = "$(inherited) @executable_path/../Frameworks @loader_path/../Frameworks";
				PRODUCT_NAME = "$(TARGET_NAME)";
				TEST_HOST = "$(BUILT_PRODUCTS_DIR)/HRZEGuidelineEditor.app/Contents/MacOS/HRZEGuidelineEditor";
			};
			name = Release;
		};
/* End XCBuildConfiguration section */

/* Begin XCConfigurationList section */
		636011AF1A2E3222004B4BA2 /* Build configuration list for PBXProject "HRZEGuidelineEditor" */ = {
			isa = XCConfigurationList;
			buildConfigurations = (
				636011D51A2E3222004B4BA2 /* Debug */,
				636011D61A2E3222004B4BA2 /* Release */,
			);
			defaultConfigurationIsVisible = 0;
			defaultConfigurationName = Release;
		};
		636011D71A2E3222004B4BA2 /* Build configuration list for PBXNativeTarget "HRZEGuidelineEditor" */ = {
			isa = XCConfigurationList;
			buildConfigurations = (
				636011D81A2E3222004B4BA2 /* Debug */,
				636011D91A2E3222004B4BA2 /* Release */,
			);
			defaultConfigurationIsVisible = 0;
			defaultConfigurationName = Release;
		};
		636011DA1A2E3222004B4BA2 /* Build configuration list for PBXNativeTarget "HRZEGuidelineEditorTests" */ = {
			isa = XCConfigurationList;
			buildConfigurations = (
				636011DB1A2E3222004B4BA2 /* Debug */,
				636011DC1A2E3222004B4BA2 /* Release */,
			);
			defaultConfigurationIsVisible = 0;
			defaultConfigurationName = Release;
		};
/* End XCConfigurationList section */
	};
	rootObject = 636011AC1A2E3222004B4BA2 /* Project object */;
}
